// !$*UTF8*$!
{
	archiveVersion = 1;
	classes = {
	};
	objectVersion = 55;
	objects = {

/* Begin PBXBuildFile section */
		552124132866E11200EEC8BC /* LoginViewController.swift in Sources */ = {isa = PBXBuildFile; fileRef = 552124122866E11200EEC8BC /* LoginViewController.swift */; };
		552124192866E15200EEC8BC /* MainViewController.swift in Sources */ = {isa = PBXBuildFile; fileRef = 552124182866E15200EEC8BC /* MainViewController.swift */; };
		5521241B2866E15A00EEC8BC /* SignInViewController.swift in Sources */ = {isa = PBXBuildFile; fileRef = 5521241A2866E15A00EEC8BC /* SignInViewController.swift */; };
		5521241D2866E16100EEC8BC /* ResetViewController.swift in Sources */ = {isa = PBXBuildFile; fileRef = 5521241C2866E16100EEC8BC /* ResetViewController.swift */; };
		55405BD3286654DD00FA6053 /* AppDelegate.swift in Sources */ = {isa = PBXBuildFile; fileRef = 55405BD2286654DD00FA6053 /* AppDelegate.swift */; };
		55405BD5286654DD00FA6053 /* SceneDelegate.swift in Sources */ = {isa = PBXBuildFile; fileRef = 55405BD4286654DD00FA6053 /* SceneDelegate.swift */; };
		55405BDA286654DD00FA6053 /* Main.storyboard in Resources */ = {isa = PBXBuildFile; fileRef = 55405BD8286654DD00FA6053 /* Main.storyboard */; };
		55405BDC286654DF00FA6053 /* Assets.xcassets in Resources */ = {isa = PBXBuildFile; fileRef = 55405BDB286654DF00FA6053 /* Assets.xcassets */; };
		55405BDF286654DF00FA6053 /* LaunchScreen.storyboard in Resources */ = {isa = PBXBuildFile; fileRef = 55405BDD286654DF00FA6053 /* LaunchScreen.storyboard */; };
		556A36EA286744DA0007C71A /* LogInChildCoordinator.swift in Sources */ = {isa = PBXBuildFile; fileRef = 556A36E9286744DA0007C71A /* LogInChildCoordinator.swift */; };
		556A36EC286744E40007C71A /* HomeChildCoordinator.swift in Sources */ = {isa = PBXBuildFile; fileRef = 556A36EB286744E40007C71A /* HomeChildCoordinator.swift */; };
		55DD126F28670D700050DD27 /* Coordinator.swift in Sources */ = {isa = PBXBuildFile; fileRef = 55DD126E28670D6F0050DD27 /* Coordinator.swift */; };
		55DD127128670DA70050DD27 /* MainCoordinator.swift in Sources */ = {isa = PBXBuildFile; fileRef = 55DD127028670DA70050DD27 /* MainCoordinator.swift */; };
		55DD127328670E400050DD27 /* CoordinatorBoard.swift in Sources */ = {isa = PBXBuildFile; fileRef = 55DD127228670E400050DD27 /* CoordinatorBoard.swift */; };
/* End PBXBuildFile section */

/* Begin PBXFileReference section */
		552124122866E11200EEC8BC /* LoginViewController.swift */ = {isa = PBXFileReference; lastKnownFileType = sourcecode.swift; path = LoginViewController.swift; sourceTree = "<group>"; };
		552124182866E15200EEC8BC /* MainViewController.swift */ = {isa = PBXFileReference; lastKnownFileType = sourcecode.swift; path = MainViewController.swift; sourceTree = "<group>"; };
		5521241A2866E15A00EEC8BC /* SignInViewController.swift */ = {isa = PBXFileReference; lastKnownFileType = sourcecode.swift; path = SignInViewController.swift; sourceTree = "<group>"; };
		5521241C2866E16100EEC8BC /* ResetViewController.swift */ = {isa = PBXFileReference; lastKnownFileType = sourcecode.swift; path = ResetViewController.swift; sourceTree = "<group>"; };
		55405BCF286654DD00FA6053 /* Coordinator Pattern.app */ = {isa = PBXFileReference; explicitFileType = wrapper.application; includeInIndex = 0; path = "Coordinator Pattern.app"; sourceTree = BUILT_PRODUCTS_DIR; };
		55405BD2286654DD00FA6053 /* AppDelegate.swift */ = {isa = PBXFileReference; lastKnownFileType = sourcecode.swift; path = AppDelegate.swift; sourceTree = "<group>"; };
		55405BD4286654DD00FA6053 /* SceneDelegate.swift */ = {isa = PBXFileReference; lastKnownFileType = sourcecode.swift; path = SceneDelegate.swift; sourceTree = "<group>"; };
		55405BD9286654DD00FA6053 /* Base */ = {isa = PBXFileReference; lastKnownFileType = file.storyboard; name = Base; path = Base.lproj/Main.storyboard; sourceTree = "<group>"; };
		55405BDB286654DF00FA6053 /* Assets.xcassets */ = {isa = PBXFileReference; lastKnownFileType = folder.assetcatalog; path = Assets.xcassets; sourceTree = "<group>"; };
		55405BDE286654DF00FA6053 /* Base */ = {isa = PBXFileReference; lastKnownFileType = file.storyboard; name = Base; path = Base.lproj/LaunchScreen.storyboard; sourceTree = "<group>"; };
		55405BE0286654DF00FA6053 /* Info.plist */ = {isa = PBXFileReference; lastKnownFileType = text.plist.xml; path = Info.plist; sourceTree = "<group>"; };
		556A36E9286744DA0007C71A /* LogInChildCoordinator.swift */ = {isa = PBXFileReference; lastKnownFileType = sourcecode.swift; path = LogInChildCoordinator.swift; sourceTree = "<group>"; };
		556A36EB286744E40007C71A /* HomeChildCoordinator.swift */ = {isa = PBXFileReference; lastKnownFileType = sourcecode.swift; path = HomeChildCoordinator.swift; sourceTree = "<group>"; };
		55DD126E28670D6F0050DD27 /* Coordinator.swift */ = {isa = PBXFileReference; lastKnownFileType = sourcecode.swift; path = Coordinator.swift; sourceTree = "<group>"; };
		55DD127028670DA70050DD27 /* MainCoordinator.swift */ = {isa = PBXFileReference; lastKnownFileType = sourcecode.swift; path = MainCoordinator.swift; sourceTree = "<group>"; };
		55DD127228670E400050DD27 /* CoordinatorBoard.swift */ = {isa = PBXFileReference; lastKnownFileType = sourcecode.swift; path = CoordinatorBoard.swift; sourceTree = "<group>"; };
/* End PBXFileReference section */

/* Begin PBXFrameworksBuildPhase section */
		55405BCC286654DD00FA6053 /* Frameworks */ = {
			isa = PBXFrameworksBuildPhase;
			buildActionMask = 2147483647;
			files = (
			);
			runOnlyForDeploymentPostprocessing = 0;
		};
/* End PBXFrameworksBuildPhase section */

/* Begin PBXGroup section */
		552124142866E11900EEC8BC /* Model */ = {
			isa = PBXGroup;
			children = (
			);
			path = Model;
			sourceTree = "<group>";
		};
		552124152866E11E00EEC8BC /* Controller */ = {
			isa = PBXGroup;
			children = (
				552124122866E11200EEC8BC /* LoginViewController.swift */,
				552124182866E15200EEC8BC /* MainViewController.swift */,
				5521241A2866E15A00EEC8BC /* SignInViewController.swift */,
				5521241C2866E16100EEC8BC /* ResetViewController.swift */,
			);
			path = Controller;
			sourceTree = "<group>";
		};
		552124162866E12400EEC8BC /* View */ = {
			isa = PBXGroup;
			children = (
			);
			path = View;
			sourceTree = "<group>";
		};
		552124172866E12B00EEC8BC /* Coordinator */ = {
			isa = PBXGroup;
			children = (
				556A36E8286744C30007C71A /* ChildCoordinator */,
				55DD126E28670D6F0050DD27 /* Coordinator.swift */,
				55DD127028670DA70050DD27 /* MainCoordinator.swift */,
				55DD127228670E400050DD27 /* CoordinatorBoard.swift */,
			);
			path = Coordinator;
			sourceTree = "<group>";
		};
		55405BC6286654DD00FA6053 = {
			isa = PBXGroup;
			children = (
				55405BD1286654DD00FA6053 /* Coordinator Pattern */,
				55405BD0286654DD00FA6053 /* Products */,
			);
			sourceTree = "<group>";
		};
		55405BD0286654DD00FA6053 /* Products */ = {
			isa = PBXGroup;
			children = (
				55405BCF286654DD00FA6053 /* Coordinator Pattern.app */,
			);
			name = Products;
			sourceTree = "<group>";
		};
		55405BD1286654DD00FA6053 /* Coordinator Pattern */ = {
			isa = PBXGroup;
			children = (
				55405BD2286654DD00FA6053 /* AppDelegate.swift */,
				55405BD4286654DD00FA6053 /* SceneDelegate.swift */,
				552124172866E12B00EEC8BC /* Coordinator */,
				552124142866E11900EEC8BC /* Model */,
				552124162866E12400EEC8BC /* View */,
				552124152866E11E00EEC8BC /* Controller */,
				55405BD8286654DD00FA6053 /* Main.storyboard */,
				55405BDB286654DF00FA6053 /* Assets.xcassets */,
				55405BDD286654DF00FA6053 /* LaunchScreen.storyboard */,
				55405BE0286654DF00FA6053 /* Info.plist */,
			);
			path = "Coordinator Pattern";
			sourceTree = "<group>";
		};
		556A36E8286744C30007C71A /* ChildCoordinator */ = {
			isa = PBXGroup;
			children = (
				556A36E9286744DA0007C71A /* LogInChildCoordinator.swift */,
				556A36EB286744E40007C71A /* HomeChildCoordinator.swift */,
			);
			path = ChildCoordinator;
			sourceTree = "<group>";
		};
/* End PBXGroup section */

/* Begin PBXNativeTarget section */
		55405BCE286654DD00FA6053 /* Coordinator Pattern */ = {
			isa = PBXNativeTarget;
			buildConfigurationList = 55405BE3286654DF00FA6053 /* Build configuration list for PBXNativeTarget "Coordinator Pattern" */;
			buildPhases = (
				55405BCB286654DD00FA6053 /* Sources */,
				55405BCC286654DD00FA6053 /* Frameworks */,
				55405BCD286654DD00FA6053 /* Resources */,
			);
			buildRules = (
			);
			dependencies = (
			);
			name = "Coordinator Pattern";
			productName = "Coordinator Pattern";
			productReference = 55405BCF286654DD00FA6053 /* Coordinator Pattern.app */;
			productType = "com.apple.product-type.application";
		};
/* End PBXNativeTarget section */

/* Begin PBXProject section */
		55405BC7286654DD00FA6053 /* Project object */ = {
			isa = PBXProject;
			attributes = {
				BuildIndependentTargetsInParallel = 1;
				LastSwiftUpdateCheck = 1340;
				LastUpgradeCheck = 1340;
				TargetAttributes = {
					55405BCE286654DD00FA6053 = {
						CreatedOnToolsVersion = 13.4.1;
					};
				};
			};
			buildConfigurationList = 55405BCA286654DD00FA6053 /* Build configuration list for PBXProject "Coordinator Pattern" */;
			compatibilityVersion = "Xcode 13.0";
			developmentRegion = en;
			hasScannedForEncodings = 0;
			knownRegions = (
				en,
				Base,
			);
			mainGroup = 55405BC6286654DD00FA6053;
			productRefGroup = 55405BD0286654DD00FA6053 /* Products */;
			projectDirPath = "";
			projectRoot = "";
			targets = (
				55405BCE286654DD00FA6053 /* Coordinator Pattern */,
			);
		};
/* End PBXProject section */

/* Begin PBXResourcesBuildPhase section */
		55405BCD286654DD00FA6053 /* Resources */ = {
			isa = PBXResourcesBuildPhase;
			buildActionMask = 2147483647;
			files = (
				55405BDF286654DF00FA6053 /* LaunchScreen.storyboard in Resources */,
				55405BDC286654DF00FA6053 /* Assets.xcassets in Resources */,
				55405BDA286654DD00FA6053 /* Main.storyboard in Resources */,
			);
			runOnlyForDeploymentPostprocessing = 0;
		};
/* End PBXResourcesBuildPhase section */

/* Begin PBXSourcesBuildPhase section */
		55405BCB286654DD00FA6053 /* Sources */ = {
			isa = PBXSourcesBuildPhase;
			buildActionMask = 2147483647;
			files = (
				552124132866E11200EEC8BC /* LoginViewController.swift in Sources */,
				556A36EA286744DA0007C71A /* LogInChildCoordinator.swift in Sources */,
				55DD127128670DA70050DD27 /* MainCoordinator.swift in Sources */,
				55405BD3286654DD00FA6053 /* AppDelegate.swift in Sources */,
				55405BD5286654DD00FA6053 /* SceneDelegate.swift in Sources */,
				55DD127328670E400050DD27 /* CoordinatorBoard.swift in Sources */,
				5521241B2866E15A00EEC8BC /* SignInViewController.swift in Sources */,
				5521241D2866E16100EEC8BC /* ResetViewController.swift in Sources */,
				552124192866E15200EEC8BC /* MainViewController.swift in Sources */,
				556A36EC286744E40007C71A /* HomeChildCoordinator.swift in Sources */,
				55DD126F28670D700050DD27 /* Coordinator.swift in Sources */,
			);
			runOnlyForDeploymentPostprocessing = 0;
		};
/* End PBXSourcesBuildPhase section */

/* Begin PBXVariantGroup section */
		55405BD8286654DD00FA6053 /* Main.storyboard */ = {
			isa = PBXVariantGroup;
			children = (
				55405BD9286654DD00FA6053 /* Base */,
			);
			name = Main.storyboard;
			sourceTree = "<group>";
		};
		55405BDD286654DF00FA6053 /* LaunchScreen.storyboard */ = {
			isa = PBXVariantGroup;
			children = (
				55405BDE286654DF00FA6053 /* Base */,
			);
			name = LaunchScreen.storyboard;
			sourceTree = "<group>";
		};
/* End PBXVariantGroup section */

/* Begin XCBuildConfiguration section */
		55405BE1286654DF00FA6053 /* Debug */ = {
			isa = XCBuildConfiguration;
			buildSettings = {
				ALWAYS_SEARCH_USER_PATHS = NO;
				CLANG_ANALYZER_NONNULL = YES;
				CLANG_ANALYZER_NUMBER_OBJECT_CONVERSION = YES_AGGRESSIVE;
				CLANG_CXX_LANGUAGE_STANDARD = "gnu++17";
				CLANG_ENABLE_MODULES = YES;
				CLANG_ENABLE_OBJC_ARC = YES;
				CLANG_ENABLE_OBJC_WEAK = YES;
				CLANG_WARN_BLOCK_CAPTURE_AUTORELEASING = YES;
				CLANG_WARN_BOOL_CONVERSION = YES;
				CLANG_WARN_COMMA = YES;
				CLANG_WARN_CONSTANT_CONVERSION = YES;
				CLANG_WARN_DEPRECATED_OBJC_IMPLEMENTATIONS = YES;
				CLANG_WARN_DIRECT_OBJC_ISA_USAGE = YES_ERROR;
				CLANG_WARN_DOCUMENTATION_COMMENTS = YES;
				CLANG_WARN_EMPTY_BODY = YES;
				CLANG_WARN_ENUM_CONVERSION = YES;
				CLANG_WARN_INFINITE_RECURSION = YES;
				CLANG_WARN_INT_CONVERSION = YES;
				CLANG_WARN_NON_LITERAL_NULL_CONVERSION = YES;
				CLANG_WARN_OBJC_IMPLICIT_RETAIN_SELF = YES;
				CLANG_WARN_OBJC_LITERAL_CONVERSION = YES;
				CLANG_WARN_OBJC_ROOT_CLASS = YES_ERROR;
				CLANG_WARN_QUOTED_INCLUDE_IN_FRAMEWORK_HEADER = YES;
				CLANG_WARN_RANGE_LOOP_ANALYSIS = YES;
				CLANG_WARN_STRICT_PROTOTYPES = YES;
				CLANG_WARN_SUSPICIOUS_MOVE = YES;
				CLANG_WARN_UNGUARDED_AVAILABILITY = YES_AGGRESSIVE;
				CLANG_WARN_UNREACHABLE_CODE = YES;
				CLANG_WARN__DUPLICATE_METHOD_MATCH = YES;
				COPY_PHASE_STRIP = NO;
				DEBUG_INFORMATION_FORMAT = dwarf;
				ENABLE_STRICT_OBJC_MSGSEND = YES;
				ENABLE_TESTABILITY = YES;
				GCC_C_LANGUAGE_STANDARD = gnu11;
				GCC_DYNAMIC_NO_PIC = NO;
				GCC_NO_COMMON_BLOCKS = YES;
				GCC_OPTIMIZATION_LEVEL = 0;
				GCC_PREPROCESSOR_DEFINITIONS = (
					"DEBUG=1",
					"$(inherited)",
				);
				GCC_WARN_64_TO_32_BIT_CONVERSION = YES;
				GCC_WARN_ABOUT_RETURN_TYPE = YES_ERROR;
				GCC_WARN_UNDECLARED_SELECTOR = YES;
				GCC_WARN_UNINITIALIZED_AUTOS = YES_AGGRESSIVE;
				GCC_WARN_UNUSED_FUNCTION = YES;
				GCC_WARN_UNUSED_VARIABLE = YES;
				IPHONEOS_DEPLOYMENT_TARGET = 15.5;
				MTL_ENABLE_DEBUG_INFO = INCLUDE_SOURCE;
				MTL_FAST_MATH = YES;
				ONLY_ACTIVE_ARCH = YES;
				SDKROOT = iphoneos;
				SWIFT_ACTIVE_COMPILATION_CONDITIONS = DEBUG;
				SWIFT_OPTIMIZATION_LEVEL = "-Onone";
			};
			name = Debug;
		};
		55405BE2286654DF00FA6053 /* Release */ = {
			isa = XCBuildConfiguration;
			buildSettings = {
				ALWAYS_SEARCH_USER_PATHS = NO;
				CLANG_ANALYZER_NONNULL = YES;
				CLANG_ANALYZER_NUMBER_OBJECT_CONVERSION = YES_AGGRESSIVE;
				CLANG_CXX_LANGUAGE_STANDARD = "gnu++17";
				CLANG_ENABLE_MODULES = YES;
				CLANG_ENABLE_OBJC_ARC = YES;
				CLANG_ENABLE_OBJC_WEAK = YES;
				CLANG_WARN_BLOCK_CAPTURE_AUTORELEASING = YES;
				CLANG_WARN_BOOL_CONVERSION = YES;
				CLANG_WARN_COMMA = YES;
				CLANG_WARN_CONSTANT_CONVERSION = YES;
				CLANG_WARN_DEPRECATED_OBJC_IMPLEMENTATIONS = YES;
				CLANG_WARN_DIRECT_OBJC_ISA_USAGE = YES_ERROR;
				CLANG_WARN_DOCUMENTATION_COMMENTS = YES;
				CLANG_WARN_EMPTY_BODY = YES;
				CLANG_WARN_ENUM_CONVERSION = YES;
				CLANG_WARN_INFINITE_RECURSION = YES;
				CLANG_WARN_INT_CONVERSION = YES;
				CLANG_WARN_NON_LITERAL_NULL_CONVERSION = YES;
				CLANG_WARN_OBJC_IMPLICIT_RETAIN_SELF = YES;
				CLANG_WARN_OBJC_LITERAL_CONVERSION = YES;
				CLANG_WARN_OBJC_ROOT_CLASS = YES_ERROR;
				CLANG_WARN_QUOTED_INCLUDE_IN_FRAMEWORK_HEADER = YES;
				CLANG_WARN_RANGE_LOOP_ANALYSIS = YES;
				CLANG_WARN_STRICT_PROTOTYPES = YES;
				CLANG_WARN_SUSPICIOUS_MOVE = YES;
				CLANG_WARN_UNGUARDED_AVAILABILITY = YES_AGGRESSIVE;
				CLANG_WARN_UNREACHABLE_CODE = YES;
				CLANG_WARN__DUPLICATE_METHOD_MATCH = YES;
				COPY_PHASE_STRIP = NO;
				DEBUG_INFORMATION_FORMAT = "dwarf-with-dsym";
				ENABLE_NS_ASSERTIONS = NO;
				ENABLE_STRICT_OBJC_MSGSEND = YES;
				GCC_C_LANGUAGE_STANDARD = gnu11;
				GCC_NO_COMMON_BLOCKS = YES;
				GCC_WARN_64_TO_32_BIT_CONVERSION = YES;
				GCC_WARN_ABOUT_RETURN_TYPE = YES_ERROR;
				GCC_WARN_UNDECLARED_SELECTOR = YES;
				GCC_WARN_UNINITIALIZED_AUTOS = YES_AGGRESSIVE;
				GCC_WARN_UNUSED_FUNCTION = YES;
				GCC_WARN_UNUSED_VARIABLE = YES;
				IPHONEOS_DEPLOYMENT_TARGET = 15.5;
				MTL_ENABLE_DEBUG_INFO = NO;
				MTL_FAST_MATH = YES;
				SDKROOT = iphoneos;
				SWIFT_COMPILATION_MODE = wholemodule;
				SWIFT_OPTIMIZATION_LEVEL = "-O";
				VALIDATE_PRODUCT = YES;
			};
			name = Release;
		};
		55405BE4286654DF00FA6053 /* Debug */ = {
			isa = XCBuildConfiguration;
			buildSettings = {
				ASSETCATALOG_COMPILER_APPICON_NAME = AppIcon;
				ASSETCATALOG_COMPILER_GLOBAL_ACCENT_COLOR_NAME = AccentColor;
				CODE_SIGN_STYLE = Automatic;
				CURRENT_PROJECT_VERSION = 1;
				DEVELOPMENT_TEAM = GJM8829Q7N;
				GENERATE_INFOPLIST_FILE = YES;
				INFOPLIST_FILE = "Coordinator Pattern/Info.plist";
				INFOPLIST_KEY_UIApplicationSupportsIndirectInputEvents = YES;
				INFOPLIST_KEY_UILaunchStoryboardName = LaunchScreen;
				INFOPLIST_KEY_UISupportedInterfaceOrientations_iPad = "UIInterfaceOrientationPortrait UIInterfaceOrientationPortraitUpsideDown UIInterfaceOrientationLandscapeLeft UIInterfaceOrientationLandscapeRight";
				INFOPLIST_KEY_UISupportedInterfaceOrientations_iPhone = "UIInterfaceOrientationPortrait UIInterfaceOrientationLandscapeLeft UIInterfaceOrientationLandscapeRight";
				LD_RUNPATH_SEARCH_PATHS = (
					"$(inherited)",
					"@executable_path/Frameworks",
				);
				MARKETING_VERSION = 1.0;
				PRODUCT_BUNDLE_IDENTIFIER = "com.gokulnair.Coordinator-Pattern";
				PRODUCT_NAME = "$(TARGET_NAME)";
				SWIFT_EMIT_LOC_STRINGS = YES;
				SWIFT_VERSION = 5.0;
				TARGETED_DEVICE_FAMILY = "1,2";
			};
			name = Debug;
		};
		55405BE5286654DF00FA6053 /* Release */ = {
			isa = XCBuildConfiguration;
			buildSettings = {
				ASSETCATALOG_COMPILER_APPICON_NAME = AppIcon;
				ASSETCATALOG_COMPILER_GLOBAL_ACCENT_COLOR_NAME = AccentColor;
				CODE_SIGN_STYLE = Automatic;
				CURRENT_PROJECT_VERSION = 1;
				DEVELOPMENT_TEAM = GJM8829Q7N;
				GENERATE_INFOPLIST_FILE = YES;
				INFOPLIST_FILE = "Coordinator Pattern/Info.plist";
				INFOPLIST_KEY_UIApplicationSupportsIndirectInputEvents = YES;
				INFOPLIST_KEY_UILaunchStoryboardName = LaunchScreen;
				INFOPLIST_KEY_UISupportedInterfaceOrientations_iPad = "UIInterfaceOrientationPortrait UIInterfaceOrientationPortraitUpsideDown UIInterfaceOrientationLandscapeLeft UIInterfaceOrientationLandscapeRight";
				INFOPLIST_KEY_UISupportedInterfaceOrientations_iPhone = "UIInterfaceOrientationPortrait UIInterfaceOrientationLandscapeLeft UIInterfaceOrientationLandscapeRight";
				LD_RUNPATH_SEARCH_PATHS = (
					"$(inherited)",
					"@executable_path/Frameworks",
				);
				MARKETING_VERSION = 1.0;
				PRODUCT_BUNDLE_IDENTIFIER = "com.gokulnair.Coordinator-Pattern";
				PRODUCT_NAME = "$(TARGET_NAME)";
				SWIFT_EMIT_LOC_STRINGS = YES;
				SWIFT_VERSION = 5.0;
				TARGETED_DEVICE_FAMILY = "1,2";
			};
			name = Release;
		};
/* End XCBuildConfiguration section */

/* Begin XCConfigurationList section */
		55405BCA286654DD00FA6053 /* Build configuration list for PBXProject "Coordinator Pattern" */ = {
			isa = XCConfigurationList;
			buildConfigurations = (
				55405BE1286654DF00FA6053 /* Debug */,
				55405BE2286654DF00FA6053 /* Release */,
			);
			defaultConfigurationIsVisible = 0;
			defaultConfigurationName = Release;
		};
		55405BE3286654DF00FA6053 /* Build configuration list for PBXNativeTarget "Coordinator Pattern" */ = {
			isa = XCConfigurationList;
			buildConfigurations = (
				55405BE4286654DF00FA6053 /* Debug */,
				55405BE5286654DF00FA6053 /* Release */,
			);
			defaultConfigurationIsVisible = 0;
			defaultConfigurationName = Release;
		};
/* End XCConfigurationList section */
	};
	rootObject = 55405BC7286654DD00FA6053 /* Project object */;
}
